
Microsoft Visual Studio Solution File, Format Version 12.00
# Visual Studio Version 17
VisualStudioVersion = 17.5.002.0
MinimumVisualStudioVersion = 10.0.40219.1
Project("{9A19103F-16F7-4668-BE54-9A1E7A4F7556}") = "Qydha.Api", "Qydha.Api\Qydha.Api.csproj", "{F7AFD125-BE64-4A92-B35A-2F5EC69E2A55}"
EndProject
Project("{9A19103F-16F7-4668-BE54-9A1E7A4F7556}") = "Qydha.Infrastructure", "Qydha.Infrastructure\Qydha.Infrastructure.csproj", "{C8803FC3-C723-4F5D-BD04-F6E5FA235638}"
EndProject
Project("{FAE04EC0-301F-11D3-BF4B-00C04F79EFBC}") = "Qydha.Domain", "Qydha.Domain\Qydha.Domain.csproj", "{38F38F3A-D128-4895-8BBD-B0EB3C8731FB}"
EndProject
Global
	GlobalSection(SolutionConfigurationPlatforms) = preSolution
		Debug|Any CPU = Debug|Any CPU
		Release|Any CPU = Release|Any CPU
	EndGlobalSection
	GlobalSection(ProjectConfigurationPlatforms) = postSolution
		{F7AFD125-BE64-4A92-B35A-2F5EC69E2A55}.Debug|Any CPU.ActiveCfg = Debug|Any CPU
		{F7AFD125-BE64-4A92-B35A-2F5EC69E2A55}.Debug|Any CPU.Build.0 = Debug|Any CPU
		{F7AFD125-BE64-4A92-B35A-2F5EC69E2A55}.Release|Any CPU.ActiveCfg = Release|Any CPU
		{F7AFD125-BE64-4A92-B35A-2F5EC69E2A55}.Release|Any CPU.Build.0 = Release|Any CPU
		{C8803FC3-C723-4F5D-BD04-F6E5FA235638}.Debug|Any CPU.ActiveCfg = Debug|Any CPU
		{C8803FC3-C723-4F5D-BD04-F6E5FA235638}.Debug|Any CPU.Build.0 = Debug|Any CPU
		{C8803FC3-C723-4F5D-BD04-F6E5FA235638}.Release|Any CPU.ActiveCfg = Release|Any CPU
		{C8803FC3-C723-4F5D-BD04-F6E5FA235638}.Release|Any CPU.Build.0 = Release|Any CPU
		{38F38F3A-D128-4895-8BBD-B0EB3C8731FB}.Debug|Any CPU.ActiveCfg = Debug|Any CPU
		{38F38F3A-D128-4895-8BBD-B0EB3C8731FB}.Debug|Any CPU.Build.0 = Debug|Any CPU
		{38F38F3A-D128-4895-8BBD-B0EB3C8731FB}.Release|Any CPU.ActiveCfg = Release|Any CPU
		{38F38F3A-D128-4895-8BBD-B0EB3C8731FB}.Release|Any CPU.Build.0 = Release|Any CPU
	EndGlobalSection
	GlobalSection(SolutionProperties) = preSolution
		HideSolutionNode = FALSE
	EndGlobalSection
	GlobalSection(ExtensibilityGlobals) = postSolution
		SolutionGuid = {BB58F21A-EEBF-438E-B0F2-3804795FBE44}
	EndGlobalSection
EndGlobal
